// !$*UTF8*$!
{
	archiveVersion = 1;
	classes = {
	};
	objectVersion = 56;
	objects = {

/* Begin PBXBuildFile section */
		76078B6429D5460D00CBF06B /* APIClientMock.swift in Sources */ = {isa = PBXBuildFile; fileRef = 76078B6329D5460D00CBF06B /* APIClientMock.swift */; };
		76078B6C29D57FBD00CBF06B /* TeamsViewModelTests.swift in Sources */ = {isa = PBXBuildFile; fileRef = 76078B6B29D57FBD00CBF06B /* TeamsViewModelTests.swift */; };
		76078B6F29D5879A00CBF06B /* TeamDetailViewModelTests.swift in Sources */ = {isa = PBXBuildFile; fileRef = 76078B6E29D5879A00CBF06B /* TeamDetailViewModelTests.swift */; };
		763058C929C931EF005371FF /* AppDelegate.swift in Sources */ = {isa = PBXBuildFile; fileRef = 763058C829C931EF005371FF /* AppDelegate.swift */; };
		763058CB29C931EF005371FF /* SceneDelegate.swift in Sources */ = {isa = PBXBuildFile; fileRef = 763058CA29C931EF005371FF /* SceneDelegate.swift */; };
		763058D329C931EF005371FF /* FootballApp.xcdatamodeld in Sources */ = {isa = PBXBuildFile; fileRef = 763058D129C931EF005371FF /* FootballApp.xcdatamodeld */; };
		763058D529C931F6005371FF /* Assets.xcassets in Resources */ = {isa = PBXBuildFile; fileRef = 763058D429C931F6005371FF /* Assets.xcassets */; };
		763058D829C931F6005371FF /* LaunchScreen.storyboard in Resources */ = {isa = PBXBuildFile; fileRef = 763058D629C931F6005371FF /* LaunchScreen.storyboard */; };
		763058ED29C931F7005371FF /* FootballAppUITests.swift in Sources */ = {isa = PBXBuildFile; fileRef = 763058EC29C931F7005371FF /* FootballAppUITests.swift */; };
		763058EF29C931F7005371FF /* FootballAppUITestsLaunchTests.swift in Sources */ = {isa = PBXBuildFile; fileRef = 763058EE29C931F7005371FF /* FootballAppUITestsLaunchTests.swift */; };
		7630590629C934E7005371FF /* MatchesViewController.swift in Sources */ = {isa = PBXBuildFile; fileRef = 7630590529C934E7005371FF /* MatchesViewController.swift */; };
		7630590829C934FA005371FF /* MatchesViewModel.swift in Sources */ = {isa = PBXBuildFile; fileRef = 7630590729C934FA005371FF /* MatchesViewModel.swift */; };
		7630590B29C93519005371FF /* MatchModel.swift in Sources */ = {isa = PBXBuildFile; fileRef = 7630590A29C93519005371FF /* MatchModel.swift */; };
		7630590D29C93523005371FF /* TeamModel.swift in Sources */ = {isa = PBXBuildFile; fileRef = 7630590C29C93523005371FF /* TeamModel.swift */; };
		7630590F29C93697005371FF /* APIClient.swift in Sources */ = {isa = PBXBuildFile; fileRef = 7630590E29C93697005371FF /* APIClient.swift */; };
		7630591129C936A5005371FF /* APIClient+matches.swift in Sources */ = {isa = PBXBuildFile; fileRef = 7630591029C936A5005371FF /* APIClient+matches.swift */; };
		7630591329C936B1005371FF /* APIClient+teams.swift in Sources */ = {isa = PBXBuildFile; fileRef = 7630591229C936B1005371FF /* APIClient+teams.swift */; };
		7630591529C94383005371FF /* Repository.swift in Sources */ = {isa = PBXBuildFile; fileRef = 7630591429C94383005371FF /* Repository.swift */; };
		7630591729C94701005371FF /* CoreDataStack.swift in Sources */ = {isa = PBXBuildFile; fileRef = 7630591629C94701005371FF /* CoreDataStack.swift */; };
		7630591929C94828005371FF /* AppError.swift in Sources */ = {isa = PBXBuildFile; fileRef = 7630591829C94828005371FF /* AppError.swift */; };
		7630591C29C94915005371FF /* DBHandler.swift in Sources */ = {isa = PBXBuildFile; fileRef = 7630591B29C94915005371FF /* DBHandler.swift */; };
		7630592229C94E6E005371FF /* SnapKit in Frameworks */ = {isa = PBXBuildFile; productRef = 7630592129C94E6E005371FF /* SnapKit */; };
		7630592B29C95D17005371FF /* Reachability in Frameworks */ = {isa = PBXBuildFile; productRef = 7630592A29C95D17005371FF /* Reachability */; };
		7630594529C9C14E005371FF /* DateExtension.swift in Sources */ = {isa = PBXBuildFile; fileRef = 7630594429C9C14E005371FF /* DateExtension.swift */; };
		7630595229C9C491005371FF /* TeamMO+CoreDataProperties.swift in Sources */ = {isa = PBXBuildFile; fileRef = 7630594E29C9C490005371FF /* TeamMO+CoreDataProperties.swift */; };
		7630595429C9C491005371FF /* TeamMO+CoreDataClass.swift in Sources */ = {isa = PBXBuildFile; fileRef = 7630595029C9C491005371FF /* TeamMO+CoreDataClass.swift */; };
		7630595729CA3751005371FF /* MatchesSection.swift in Sources */ = {isa = PBXBuildFile; fileRef = 7630595629CA3750005371FF /* MatchesSection.swift */; };
		7630595929CA7D5F005371FF /* AppDecoder.swift in Sources */ = {isa = PBXBuildFile; fileRef = 7630595829CA7D5F005371FF /* AppDecoder.swift */; };
		7630595C29CA8020005371FF /* MatchCollectionViewCell.swift in Sources */ = {isa = PBXBuildFile; fileRef = 7630595B29CA8020005371FF /* MatchCollectionViewCell.swift */; };
		7630595E29CA8241005371FF /* ReusableCell.swift in Sources */ = {isa = PBXBuildFile; fileRef = 7630595D29CA8241005371FF /* ReusableCell.swift */; };
		7630596029CA9991005371FF /* MatchesUseCase.swift in Sources */ = {isa = PBXBuildFile; fileRef = 7630595F29CA9991005371FF /* MatchesUseCase.swift */; };
		76AC1AA629CEFBEB00ECC3E6 /* Reachability+publishers.swift in Sources */ = {isa = PBXBuildFile; fileRef = 76AC1AA529CEFBEB00ECC3E6 /* Reachability+publishers.swift */; };
		76AC1AB129CF1BAC00ECC3E6 /* MatchMO+CoreDataClass.swift in Sources */ = {isa = PBXBuildFile; fileRef = 76AC1AAF29CF1BAC00ECC3E6 /* MatchMO+CoreDataClass.swift */; };
		76AC1AB229CF1BAC00ECC3E6 /* MatchMO+CoreDataProperties.swift in Sources */ = {isa = PBXBuildFile; fileRef = 76AC1AB029CF1BAC00ECC3E6 /* MatchMO+CoreDataProperties.swift */; };
		76AC1AB929CF67DD00ECC3E6 /* TeamTableViewCell.swift in Sources */ = {isa = PBXBuildFile; fileRef = 76AC1AB829CF67DD00ECC3E6 /* TeamTableViewCell.swift */; };
		76AC1ABD29CF851000ECC3E6 /* TeamsSection.swift in Sources */ = {isa = PBXBuildFile; fileRef = 76AC1ABC29CF851000ECC3E6 /* TeamsSection.swift */; };
		76AC1ABF29CF879D00ECC3E6 /* TeamsUseCase.swift in Sources */ = {isa = PBXBuildFile; fileRef = 76AC1ABE29CF879D00ECC3E6 /* TeamsUseCase.swift */; };
		76AC1ACA29CF9E0300ECC3E6 /* Kingfisher in Frameworks */ = {isa = PBXBuildFile; productRef = 76AC1AC929CF9E0300ECC3E6 /* Kingfisher */; };
		76AC1ACD29CF9E3300ECC3E6 /* TeamDetailViewController.swift in Sources */ = {isa = PBXBuildFile; fileRef = 76AC1ACB29CF9E3200ECC3E6 /* TeamDetailViewController.swift */; };
		76AC1ACE29CF9E3300ECC3E6 /* TeamDetailViewModel.swift in Sources */ = {isa = PBXBuildFile; fileRef = 76AC1ACC29CF9E3200ECC3E6 /* TeamDetailViewModel.swift */; };
		76AC1AD029D0429B00ECC3E6 /* UIViewController+alert.swift in Sources */ = {isa = PBXBuildFile; fileRef = 76AC1ACF29D0429B00ECC3E6 /* UIViewController+alert.swift */; };
		76AC1AD229D088D700ECC3E6 /* ViewModelType.swift in Sources */ = {isa = PBXBuildFile; fileRef = 76AC1AD129D088D700ECC3E6 /* ViewModelType.swift */; };
		76AC1AD529D0EE5A00ECC3E6 /* TeamsViewController.swift in Sources */ = {isa = PBXBuildFile; fileRef = 76AC1AD329D0EE5900ECC3E6 /* TeamsViewController.swift */; };
		76AC1AD629D0EE5A00ECC3E6 /* TeamsViewModel.swift in Sources */ = {isa = PBXBuildFile; fileRef = 76AC1AD429D0EE5900ECC3E6 /* TeamsViewModel.swift */; };
		76B0B8B429CB143B001C6361 /* SectionHeaderReusableView.swift in Sources */ = {isa = PBXBuildFile; fileRef = 76B0B8B329CB143B001C6361 /* SectionHeaderReusableView.swift */; };
		76B0B8B629CDAF42001C6361 /* Publisher+result.swift in Sources */ = {isa = PBXBuildFile; fileRef = 76B0B8B529CDAF42001C6361 /* Publisher+result.swift */; };
		76B0B8B829CEDD00001C6361 /* UINavigationController+theme.swift in Sources */ = {isa = PBXBuildFile; fileRef = 76B0B8B729CEDD00001C6361 /* UINavigationController+theme.swift */; };
		76B6EB3D29D492B10058D355 /* TeamDetailUseCase.swift in Sources */ = {isa = PBXBuildFile; fileRef = 76B6EB3C29D492B10058D355 /* TeamDetailUseCase.swift */; };
		76B6EB3F29D53D6D0058D355 /* MatchesViewModelTest.swift in Sources */ = {isa = PBXBuildFile; fileRef = 76B6EB3E29D53D6D0058D355 /* MatchesViewModelTest.swift */; };
/* End PBXBuildFile section */

/* Begin PBXContainerItemProxy section */
		763058DF29C931F7005371FF /* PBXContainerItemProxy */ = {
			isa = PBXContainerItemProxy;
			containerPortal = 763058BD29C931EF005371FF /* Project object */;
			proxyType = 1;
			remoteGlobalIDString = 763058C429C931EF005371FF;
			remoteInfo = FootballApp;
		};
		763058E929C931F7005371FF /* PBXContainerItemProxy */ = {
			isa = PBXContainerItemProxy;
			containerPortal = 763058BD29C931EF005371FF /* Project object */;
			proxyType = 1;
			remoteGlobalIDString = 763058C429C931EF005371FF;
			remoteInfo = FootballApp;
		};
/* End PBXContainerItemProxy section */

/* Begin PBXFileReference section */
		76078B6329D5460D00CBF06B /* APIClientMock.swift */ = {isa = PBXFileReference; lastKnownFileType = sourcecode.swift; path = APIClientMock.swift; sourceTree = "<group>"; };
		76078B6B29D57FBD00CBF06B /* TeamsViewModelTests.swift */ = {isa = PBXFileReference; lastKnownFileType = sourcecode.swift; path = TeamsViewModelTests.swift; sourceTree = "<group>"; };
		76078B6E29D5879A00CBF06B /* TeamDetailViewModelTests.swift */ = {isa = PBXFileReference; lastKnownFileType = sourcecode.swift; path = TeamDetailViewModelTests.swift; sourceTree = "<group>"; };
		763058C529C931EF005371FF /* FootballApp.app */ = {isa = PBXFileReference; explicitFileType = wrapper.application; includeInIndex = 0; path = FootballApp.app; sourceTree = BUILT_PRODUCTS_DIR; };
		763058C829C931EF005371FF /* AppDelegate.swift */ = {isa = PBXFileReference; lastKnownFileType = sourcecode.swift; path = AppDelegate.swift; sourceTree = "<group>"; };
		763058CA29C931EF005371FF /* SceneDelegate.swift */ = {isa = PBXFileReference; lastKnownFileType = sourcecode.swift; path = SceneDelegate.swift; sourceTree = "<group>"; };
		763058D229C931EF005371FF /* FootballApp.xcdatamodel */ = {isa = PBXFileReference; lastKnownFileType = wrapper.xcdatamodel; path = FootballApp.xcdatamodel; sourceTree = "<group>"; };
		763058D429C931F6005371FF /* Assets.xcassets */ = {isa = PBXFileReference; lastKnownFileType = folder.assetcatalog; path = Assets.xcassets; sourceTree = "<group>"; };
		763058D729C931F6005371FF /* Base */ = {isa = PBXFileReference; lastKnownFileType = file.storyboard; name = Base; path = Base.lproj/LaunchScreen.storyboard; sourceTree = "<group>"; };
		763058D929C931F6005371FF /* Info.plist */ = {isa = PBXFileReference; lastKnownFileType = text.plist.xml; path = Info.plist; sourceTree = "<group>"; };
		763058DE29C931F7005371FF /* FootballAppTests.xctest */ = {isa = PBXFileReference; explicitFileType = wrapper.cfbundle; includeInIndex = 0; path = FootballAppTests.xctest; sourceTree = BUILT_PRODUCTS_DIR; };
		763058E829C931F7005371FF /* FootballAppUITests.xctest */ = {isa = PBXFileReference; explicitFileType = wrapper.cfbundle; includeInIndex = 0; path = FootballAppUITests.xctest; sourceTree = BUILT_PRODUCTS_DIR; };
		763058EC29C931F7005371FF /* FootballAppUITests.swift */ = {isa = PBXFileReference; lastKnownFileType = sourcecode.swift; path = FootballAppUITests.swift; sourceTree = "<group>"; };
		763058EE29C931F7005371FF /* FootballAppUITestsLaunchTests.swift */ = {isa = PBXFileReference; lastKnownFileType = sourcecode.swift; path = FootballAppUITestsLaunchTests.swift; sourceTree = "<group>"; };
		7630590529C934E7005371FF /* MatchesViewController.swift */ = {isa = PBXFileReference; lastKnownFileType = sourcecode.swift; path = MatchesViewController.swift; sourceTree = "<group>"; };
		7630590729C934FA005371FF /* MatchesViewModel.swift */ = {isa = PBXFileReference; lastKnownFileType = sourcecode.swift; path = MatchesViewModel.swift; sourceTree = "<group>"; };
		7630590A29C93519005371FF /* MatchModel.swift */ = {isa = PBXFileReference; lastKnownFileType = sourcecode.swift; path = MatchModel.swift; sourceTree = "<group>"; };
		7630590C29C93523005371FF /* TeamModel.swift */ = {isa = PBXFileReference; lastKnownFileType = sourcecode.swift; path = TeamModel.swift; sourceTree = "<group>"; };
		7630590E29C93697005371FF /* APIClient.swift */ = {isa = PBXFileReference; lastKnownFileType = sourcecode.swift; path = APIClient.swift; sourceTree = "<group>"; };
		7630591029C936A5005371FF /* APIClient+matches.swift */ = {isa = PBXFileReference; lastKnownFileType = sourcecode.swift; path = "APIClient+matches.swift"; sourceTree = "<group>"; };
		7630591229C936B1005371FF /* APIClient+teams.swift */ = {isa = PBXFileReference; lastKnownFileType = sourcecode.swift; path = "APIClient+teams.swift"; sourceTree = "<group>"; };
		7630591429C94383005371FF /* Repository.swift */ = {isa = PBXFileReference; lastKnownFileType = sourcecode.swift; path = Repository.swift; sourceTree = "<group>"; };
		7630591629C94701005371FF /* CoreDataStack.swift */ = {isa = PBXFileReference; lastKnownFileType = sourcecode.swift; path = CoreDataStack.swift; sourceTree = "<group>"; };
		7630591829C94828005371FF /* AppError.swift */ = {isa = PBXFileReference; lastKnownFileType = sourcecode.swift; path = AppError.swift; sourceTree = "<group>"; };
		7630591B29C94915005371FF /* DBHandler.swift */ = {isa = PBXFileReference; lastKnownFileType = sourcecode.swift; path = DBHandler.swift; sourceTree = "<group>"; };
		7630594429C9C14E005371FF /* DateExtension.swift */ = {isa = PBXFileReference; lastKnownFileType = sourcecode.swift; path = DateExtension.swift; sourceTree = "<group>"; };
		7630594E29C9C490005371FF /* TeamMO+CoreDataProperties.swift */ = {isa = PBXFileReference; fileEncoding = 4; lastKnownFileType = sourcecode.swift; path = "TeamMO+CoreDataProperties.swift"; sourceTree = "<group>"; };
		7630595029C9C491005371FF /* TeamMO+CoreDataClass.swift */ = {isa = PBXFileReference; fileEncoding = 4; lastKnownFileType = sourcecode.swift; path = "TeamMO+CoreDataClass.swift"; sourceTree = "<group>"; };
		7630595629CA3750005371FF /* MatchesSection.swift */ = {isa = PBXFileReference; lastKnownFileType = sourcecode.swift; path = MatchesSection.swift; sourceTree = "<group>"; };
		7630595829CA7D5F005371FF /* AppDecoder.swift */ = {isa = PBXFileReference; lastKnownFileType = sourcecode.swift; path = AppDecoder.swift; sourceTree = "<group>"; };
		7630595B29CA8020005371FF /* MatchCollectionViewCell.swift */ = {isa = PBXFileReference; lastKnownFileType = sourcecode.swift; path = MatchCollectionViewCell.swift; sourceTree = "<group>"; };
		7630595D29CA8241005371FF /* ReusableCell.swift */ = {isa = PBXFileReference; lastKnownFileType = sourcecode.swift; path = ReusableCell.swift; sourceTree = "<group>"; };
		7630595F29CA9991005371FF /* MatchesUseCase.swift */ = {isa = PBXFileReference; lastKnownFileType = sourcecode.swift; path = MatchesUseCase.swift; sourceTree = "<group>"; };
		76AC1AA529CEFBEB00ECC3E6 /* Reachability+publishers.swift */ = {isa = PBXFileReference; lastKnownFileType = sourcecode.swift; path = "Reachability+publishers.swift"; sourceTree = "<group>"; };
		76AC1AAF29CF1BAC00ECC3E6 /* MatchMO+CoreDataClass.swift */ = {isa = PBXFileReference; fileEncoding = 4; lastKnownFileType = sourcecode.swift; path = "MatchMO+CoreDataClass.swift"; sourceTree = "<group>"; };
		76AC1AB029CF1BAC00ECC3E6 /* MatchMO+CoreDataProperties.swift */ = {isa = PBXFileReference; fileEncoding = 4; lastKnownFileType = sourcecode.swift; path = "MatchMO+CoreDataProperties.swift"; sourceTree = "<group>"; };
		76AC1AB829CF67DD00ECC3E6 /* TeamTableViewCell.swift */ = {isa = PBXFileReference; lastKnownFileType = sourcecode.swift; path = TeamTableViewCell.swift; sourceTree = "<group>"; };
		76AC1ABC29CF851000ECC3E6 /* TeamsSection.swift */ = {isa = PBXFileReference; lastKnownFileType = sourcecode.swift; path = TeamsSection.swift; sourceTree = "<group>"; };
		76AC1ABE29CF879D00ECC3E6 /* TeamsUseCase.swift */ = {isa = PBXFileReference; lastKnownFileType = sourcecode.swift; path = TeamsUseCase.swift; sourceTree = "<group>"; };
		76AC1ACB29CF9E3200ECC3E6 /* TeamDetailViewController.swift */ = {isa = PBXFileReference; fileEncoding = 4; lastKnownFileType = sourcecode.swift; path = TeamDetailViewController.swift; sourceTree = "<group>"; };
		76AC1ACC29CF9E3200ECC3E6 /* TeamDetailViewModel.swift */ = {isa = PBXFileReference; fileEncoding = 4; lastKnownFileType = sourcecode.swift; path = TeamDetailViewModel.swift; sourceTree = "<group>"; };
		76AC1ACF29D0429B00ECC3E6 /* UIViewController+alert.swift */ = {isa = PBXFileReference; lastKnownFileType = sourcecode.swift; path = "UIViewController+alert.swift"; sourceTree = "<group>"; };
		76AC1AD129D088D700ECC3E6 /* ViewModelType.swift */ = {isa = PBXFileReference; lastKnownFileType = sourcecode.swift; path = ViewModelType.swift; sourceTree = "<group>"; };
		76AC1AD329D0EE5900ECC3E6 /* TeamsViewController.swift */ = {isa = PBXFileReference; fileEncoding = 4; lastKnownFileType = sourcecode.swift; path = TeamsViewController.swift; sourceTree = "<group>"; };
		76AC1AD429D0EE5900ECC3E6 /* TeamsViewModel.swift */ = {isa = PBXFileReference; fileEncoding = 4; lastKnownFileType = sourcecode.swift; path = TeamsViewModel.swift; sourceTree = "<group>"; };
		76B0B8B329CB143B001C6361 /* SectionHeaderReusableView.swift */ = {isa = PBXFileReference; lastKnownFileType = sourcecode.swift; path = SectionHeaderReusableView.swift; sourceTree = "<group>"; };
		76B0B8B529CDAF42001C6361 /* Publisher+result.swift */ = {isa = PBXFileReference; lastKnownFileType = sourcecode.swift; path = "Publisher+result.swift"; sourceTree = "<group>"; };
		76B0B8B729CEDD00001C6361 /* UINavigationController+theme.swift */ = {isa = PBXFileReference; lastKnownFileType = sourcecode.swift; path = "UINavigationController+theme.swift"; sourceTree = "<group>"; };
		76B6EB3C29D492B10058D355 /* TeamDetailUseCase.swift */ = {isa = PBXFileReference; lastKnownFileType = sourcecode.swift; path = TeamDetailUseCase.swift; sourceTree = "<group>"; };
		76B6EB3E29D53D6D0058D355 /* MatchesViewModelTest.swift */ = {isa = PBXFileReference; lastKnownFileType = sourcecode.swift; path = MatchesViewModelTest.swift; sourceTree = "<group>"; };
/* End PBXFileReference section */

/* Begin PBXFrameworksBuildPhase section */
		763058C229C931EF005371FF /* Frameworks */ = {
			isa = PBXFrameworksBuildPhase;
			buildActionMask = 2147483647;
			files = (
				76AC1ACA29CF9E0300ECC3E6 /* Kingfisher in Frameworks */,
				7630592B29C95D17005371FF /* Reachability in Frameworks */,
				7630592229C94E6E005371FF /* SnapKit in Frameworks */,
			);
			runOnlyForDeploymentPostprocessing = 0;
		};
		763058DB29C931F7005371FF /* Frameworks */ = {
			isa = PBXFrameworksBuildPhase;
			buildActionMask = 2147483647;
			files = (
			);
			runOnlyForDeploymentPostprocessing = 0;
		};
		763058E529C931F7005371FF /* Frameworks */ = {
			isa = PBXFrameworksBuildPhase;
			buildActionMask = 2147483647;
			files = (
			);
			runOnlyForDeploymentPostprocessing = 0;
		};
/* End PBXFrameworksBuildPhase section */

/* Begin PBXGroup section */
		76078B6A29D57FA000CBF06B /* Teams */ = {
			isa = PBXGroup;
			children = (
				76078B6B29D57FBD00CBF06B /* TeamsViewModelTests.swift */,
			);
			path = Teams;
			sourceTree = "<group>";
		};
		76078B6D29D5878600CBF06B /* TeamDetail */ = {
			isa = PBXGroup;
			children = (
				76078B6E29D5879A00CBF06B /* TeamDetailViewModelTests.swift */,
			);
			path = TeamDetail;
			sourceTree = "<group>";
		};
		763058BC29C931EF005371FF = {
			isa = PBXGroup;
			children = (
				763058C729C931EF005371FF /* FootballApp */,
				763058E129C931F7005371FF /* FootballAppTests */,
				763058EB29C931F7005371FF /* FootballAppUITests */,
				763058C629C931EF005371FF /* Products */,
				7630592629C94EDE005371FF /* Frameworks */,
			);
			sourceTree = "<group>";
		};
		763058C629C931EF005371FF /* Products */ = {
			isa = PBXGroup;
			children = (
				763058C529C931EF005371FF /* FootballApp.app */,
				763058DE29C931F7005371FF /* FootballAppTests.xctest */,
				763058E829C931F7005371FF /* FootballAppUITests.xctest */,
			);
			name = Products;
			sourceTree = "<group>";
		};
		763058C729C931EF005371FF /* FootballApp */ = {
			isa = PBXGroup;
			children = (
				763058FB29C933E2005371FF /* Screen */,
				763058FC29C933E9005371FF /* UseCase */,
				763058FD29C933F0005371FF /* Repository */,
				7630590029C93425005371FF /* Networking */,
				763058FF29C9341E005371FF /* Database */,
				763058FE29C933F6005371FF /* Model */,
				7630590129C9342E005371FF /* Extension */,
				7630590229C93441005371FF /* Support */,
				763058C829C931EF005371FF /* AppDelegate.swift */,
				763058CA29C931EF005371FF /* SceneDelegate.swift */,
				763058D429C931F6005371FF /* Assets.xcassets */,
				763058D629C931F6005371FF /* LaunchScreen.storyboard */,
				763058D929C931F6005371FF /* Info.plist */,
				763058D129C931EF005371FF /* FootballApp.xcdatamodeld */,
			);
			path = FootballApp;
			sourceTree = "<group>";
		};
		763058E129C931F7005371FF /* FootballAppTests */ = {
			isa = PBXGroup;
			children = (
				76B6EB4029D53D720058D355 /* Matches */,
				76078B6A29D57FA000CBF06B /* Teams */,
				76078B6D29D5878600CBF06B /* TeamDetail */,
				76078B6329D5460D00CBF06B /* APIClientMock.swift */,
			);
			path = FootballAppTests;
			sourceTree = "<group>";
		};
		763058EB29C931F7005371FF /* FootballAppUITests */ = {
			isa = PBXGroup;
			children = (
				763058EC29C931F7005371FF /* FootballAppUITests.swift */,
				763058EE29C931F7005371FF /* FootballAppUITestsLaunchTests.swift */,
			);
			path = FootballAppUITests;
			sourceTree = "<group>";
		};
		763058FB29C933E2005371FF /* Screen */ = {
			isa = PBXGroup;
			children = (
				7630590329C934C3005371FF /* Matches */,
				7630590429C934CC005371FF /* Team */,
				76AC1AC829CF9D9A00ECC3E6 /* TeamDetail */,
			);
			path = Screen;
			sourceTree = "<group>";
		};
		763058FC29C933E9005371FF /* UseCase */ = {
			isa = PBXGroup;
			children = (
				7630595F29CA9991005371FF /* MatchesUseCase.swift */,
				76AC1ABE29CF879D00ECC3E6 /* TeamsUseCase.swift */,
				76B6EB3C29D492B10058D355 /* TeamDetailUseCase.swift */,
			);
			path = UseCase;
			sourceTree = "<group>";
		};
		763058FD29C933F0005371FF /* Repository */ = {
			isa = PBXGroup;
			children = (
				7630591429C94383005371FF /* Repository.swift */,
			);
			path = Repository;
			sourceTree = "<group>";
		};
		763058FE29C933F6005371FF /* Model */ = {
			isa = PBXGroup;
			children = (
				7630590A29C93519005371FF /* MatchModel.swift */,
				7630590C29C93523005371FF /* TeamModel.swift */,
			);
			path = Model;
			sourceTree = "<group>";
		};
		763058FF29C9341E005371FF /* Database */ = {
			isa = PBXGroup;
			children = (
				7630591B29C94915005371FF /* DBHandler.swift */,
				7630591629C94701005371FF /* CoreDataStack.swift */,
				7630591A29C948D3005371FF /* Model */,
			);
			path = Database;
			sourceTree = "<group>";
		};
		7630590029C93425005371FF /* Networking */ = {
			isa = PBXGroup;
			children = (
				7630590E29C93697005371FF /* APIClient.swift */,
				7630591029C936A5005371FF /* APIClient+matches.swift */,
				7630591229C936B1005371FF /* APIClient+teams.swift */,
			);
			path = Networking;
			sourceTree = "<group>";
		};
		7630590129C9342E005371FF /* Extension */ = {
			isa = PBXGroup;
			children = (
				7630594429C9C14E005371FF /* DateExtension.swift */,
				76B0B8B529CDAF42001C6361 /* Publisher+result.swift */,
				76B0B8B729CEDD00001C6361 /* UINavigationController+theme.swift */,
				76AC1AA529CEFBEB00ECC3E6 /* Reachability+publishers.swift */,
				76AC1ACF29D0429B00ECC3E6 /* UIViewController+alert.swift */,
			);
			path = Extension;
			sourceTree = "<group>";
		};
		7630590229C93441005371FF /* Support */ = {
			isa = PBXGroup;
			children = (
				7630591829C94828005371FF /* AppError.swift */,
				7630595829CA7D5F005371FF /* AppDecoder.swift */,
				7630595D29CA8241005371FF /* ReusableCell.swift */,
				76AC1AD129D088D700ECC3E6 /* ViewModelType.swift */,
			);
			path = Support;
			sourceTree = "<group>";
		};
		7630590329C934C3005371FF /* Matches */ = {
			isa = PBXGroup;
			children = (
				7630590529C934E7005371FF /* MatchesViewController.swift */,
				7630590729C934FA005371FF /* MatchesViewModel.swift */,
				7630595A29CA7FFB005371FF /* Cell */,
			);
			path = Matches;
			sourceTree = "<group>";
		};
		7630590429C934CC005371FF /* Team */ = {
			isa = PBXGroup;
			children = (
				76AC1AD329D0EE5900ECC3E6 /* TeamsViewController.swift */,
				76AC1AD429D0EE5900ECC3E6 /* TeamsViewModel.swift */,
				76AC1AB729CF67CB00ECC3E6 /* Cell */,
			);
			path = Team;
			sourceTree = "<group>";
		};
		7630591A29C948D3005371FF /* Model */ = {
			isa = PBXGroup;
			children = (
				76AC1AAF29CF1BAC00ECC3E6 /* MatchMO+CoreDataClass.swift */,
				76AC1AB029CF1BAC00ECC3E6 /* MatchMO+CoreDataProperties.swift */,
				7630595029C9C491005371FF /* TeamMO+CoreDataClass.swift */,
				7630594E29C9C490005371FF /* TeamMO+CoreDataProperties.swift */,
			);
			path = Model;
			sourceTree = "<group>";
		};
		7630592629C94EDE005371FF /* Frameworks */ = {
			isa = PBXGroup;
			children = (
			);
			name = Frameworks;
			sourceTree = "<group>";
		};
		7630595A29CA7FFB005371FF /* Cell */ = {
			isa = PBXGroup;
			children = (
				7630595629CA3750005371FF /* MatchesSection.swift */,
				7630595B29CA8020005371FF /* MatchCollectionViewCell.swift */,
				76B0B8B329CB143B001C6361 /* SectionHeaderReusableView.swift */,
			);
			path = Cell;
			sourceTree = "<group>";
		};
		76AC1AB729CF67CB00ECC3E6 /* Cell */ = {
			isa = PBXGroup;
			children = (
				76AC1ABC29CF851000ECC3E6 /* TeamsSection.swift */,
				76AC1AB829CF67DD00ECC3E6 /* TeamTableViewCell.swift */,
			);
			path = Cell;
			sourceTree = "<group>";
		};
		76AC1AC829CF9D9A00ECC3E6 /* TeamDetail */ = {
			isa = PBXGroup;
			children = (
				76AC1ACB29CF9E3200ECC3E6 /* TeamDetailViewController.swift */,
				76AC1ACC29CF9E3200ECC3E6 /* TeamDetailViewModel.swift */,
			);
			path = TeamDetail;
			sourceTree = "<group>";
		};
		76B6EB4029D53D720058D355 /* Matches */ = {
			isa = PBXGroup;
			children = (
				76B6EB3E29D53D6D0058D355 /* MatchesViewModelTest.swift */,
			);
			path = Matches;
			sourceTree = "<group>";
		};
/* End PBXGroup section */

/* Begin PBXNativeTarget section */
		763058C429C931EF005371FF /* FootballApp */ = {
			isa = PBXNativeTarget;
			buildConfigurationList = 763058F229C931F7005371FF /* Build configuration list for PBXNativeTarget "FootballApp" */;
			buildPhases = (
				763058C129C931EF005371FF /* Sources */,
				763058C229C931EF005371FF /* Frameworks */,
				763058C329C931EF005371FF /* Resources */,
			);
			buildRules = (
			);
			dependencies = (
			);
			name = FootballApp;
			packageProductDependencies = (
				7630592129C94E6E005371FF /* SnapKit */,
				7630592A29C95D17005371FF /* Reachability */,
				76AC1AC929CF9E0300ECC3E6 /* Kingfisher */,
			);
			productName = FootballApp;
			productReference = 763058C529C931EF005371FF /* FootballApp.app */;
			productType = "com.apple.product-type.application";
		};
		763058DD29C931F7005371FF /* FootballAppTests */ = {
			isa = PBXNativeTarget;
			buildConfigurationList = 763058F529C931F7005371FF /* Build configuration list for PBXNativeTarget "FootballAppTests" */;
			buildPhases = (
				763058DA29C931F7005371FF /* Sources */,
				763058DB29C931F7005371FF /* Frameworks */,
				763058DC29C931F7005371FF /* Resources */,
			);
			buildRules = (
			);
			dependencies = (
				763058E029C931F7005371FF /* PBXTargetDependency */,
			);
			name = FootballAppTests;
			productName = FootballAppTests;
			productReference = 763058DE29C931F7005371FF /* FootballAppTests.xctest */;
			productType = "com.apple.product-type.bundle.unit-test";
		};
		763058E729C931F7005371FF /* FootballAppUITests */ = {
			isa = PBXNativeTarget;
			buildConfigurationList = 763058F829C931F7005371FF /* Build configuration list for PBXNativeTarget "FootballAppUITests" */;
			buildPhases = (
				763058E429C931F7005371FF /* Sources */,
				763058E529C931F7005371FF /* Frameworks */,
				763058E629C931F7005371FF /* Resources */,
			);
			buildRules = (
			);
			dependencies = (
				763058EA29C931F7005371FF /* PBXTargetDependency */,
			);
			name = FootballAppUITests;
			productName = FootballAppUITests;
			productReference = 763058E829C931F7005371FF /* FootballAppUITests.xctest */;
			productType = "com.apple.product-type.bundle.ui-testing";
		};
/* End PBXNativeTarget section */

/* Begin PBXProject section */
		763058BD29C931EF005371FF /* Project object */ = {
			isa = PBXProject;
			attributes = {
				BuildIndependentTargetsInParallel = 1;
				LastSwiftUpdateCheck = 1420;
				LastUpgradeCheck = 1420;
				TargetAttributes = {
					763058C429C931EF005371FF = {
						CreatedOnToolsVersion = 14.2;
					};
					763058DD29C931F7005371FF = {
						CreatedOnToolsVersion = 14.2;
						TestTargetID = 763058C429C931EF005371FF;
					};
					763058E729C931F7005371FF = {
						CreatedOnToolsVersion = 14.2;
						TestTargetID = 763058C429C931EF005371FF;
					};
				};
			};
			buildConfigurationList = 763058C029C931EF005371FF /* Build configuration list for PBXProject "FootballApp" */;
			compatibilityVersion = "Xcode 14.0";
			developmentRegion = en;
			hasScannedForEncodings = 0;
			knownRegions = (
				en,
				Base,
			);
			mainGroup = 763058BC29C931EF005371FF;
			packageReferences = (
				7630591D29C94E4A005371FF /* XCRemoteSwiftPackageReference "Kingfisher" */,
				7630592029C94E6E005371FF /* XCRemoteSwiftPackageReference "SnapKit" */,
				7630592929C95D17005371FF /* XCRemoteSwiftPackageReference "Reachability" */,
			);
			productRefGroup = 763058C629C931EF005371FF /* Products */;
			projectDirPath = "";
			projectRoot = "";
			targets = (
				763058C429C931EF005371FF /* FootballApp */,
				763058DD29C931F7005371FF /* FootballAppTests */,
				763058E729C931F7005371FF /* FootballAppUITests */,
			);
		};
/* End PBXProject section */

/* Begin PBXResourcesBuildPhase section */
		763058C329C931EF005371FF /* Resources */ = {
			isa = PBXResourcesBuildPhase;
			buildActionMask = 2147483647;
			files = (
				763058D829C931F6005371FF /* LaunchScreen.storyboard in Resources */,
				763058D529C931F6005371FF /* Assets.xcassets in Resources */,
			);
			runOnlyForDeploymentPostprocessing = 0;
		};
		763058DC29C931F7005371FF /* Resources */ = {
			isa = PBXResourcesBuildPhase;
			buildActionMask = 2147483647;
			files = (
			);
			runOnlyForDeploymentPostprocessing = 0;
		};
		763058E629C931F7005371FF /* Resources */ = {
			isa = PBXResourcesBuildPhase;
			buildActionMask = 2147483647;
			files = (
			);
			runOnlyForDeploymentPostprocessing = 0;
		};
/* End PBXResourcesBuildPhase section */

/* Begin PBXSourcesBuildPhase section */
		763058C129C931EF005371FF /* Sources */ = {
			isa = PBXSourcesBuildPhase;
			buildActionMask = 2147483647;
			files = (
				76AC1AB929CF67DD00ECC3E6 /* TeamTableViewCell.swift in Sources */,
				7630595929CA7D5F005371FF /* AppDecoder.swift in Sources */,
				76B0B8B429CB143B001C6361 /* SectionHeaderReusableView.swift in Sources */,
				76AC1AD029D0429B00ECC3E6 /* UIViewController+alert.swift in Sources */,
				7630591129C936A5005371FF /* APIClient+matches.swift in Sources */,
				763058D329C931EF005371FF /* FootballApp.xcdatamodeld in Sources */,
				7630591329C936B1005371FF /* APIClient+teams.swift in Sources */,
				76AC1AD629D0EE5A00ECC3E6 /* TeamsViewModel.swift in Sources */,
				7630591729C94701005371FF /* CoreDataStack.swift in Sources */,
				7630594529C9C14E005371FF /* DateExtension.swift in Sources */,
				7630591929C94828005371FF /* AppError.swift in Sources */,
				76AC1AA629CEFBEB00ECC3E6 /* Reachability+publishers.swift in Sources */,
				7630595E29CA8241005371FF /* ReusableCell.swift in Sources */,
				76AC1AB129CF1BAC00ECC3E6 /* MatchMO+CoreDataClass.swift in Sources */,
				7630590B29C93519005371FF /* MatchModel.swift in Sources */,
				7630590829C934FA005371FF /* MatchesViewModel.swift in Sources */,
				7630595229C9C491005371FF /* TeamMO+CoreDataProperties.swift in Sources */,
				7630591529C94383005371FF /* Repository.swift in Sources */,
				7630596029CA9991005371FF /* MatchesUseCase.swift in Sources */,
				76AC1ABD29CF851000ECC3E6 /* TeamsSection.swift in Sources */,
				7630595C29CA8020005371FF /* MatchCollectionViewCell.swift in Sources */,
				76B6EB3D29D492B10058D355 /* TeamDetailUseCase.swift in Sources */,
				7630591C29C94915005371FF /* DBHandler.swift in Sources */,
				76AC1ABF29CF879D00ECC3E6 /* TeamsUseCase.swift in Sources */,
				76B0B8B829CEDD00001C6361 /* UINavigationController+theme.swift in Sources */,
				76AC1ACD29CF9E3300ECC3E6 /* TeamDetailViewController.swift in Sources */,
				7630590F29C93697005371FF /* APIClient.swift in Sources */,
				76AC1AD529D0EE5A00ECC3E6 /* TeamsViewController.swift in Sources */,
				763058C929C931EF005371FF /* AppDelegate.swift in Sources */,
				7630590D29C93523005371FF /* TeamModel.swift in Sources */,
				76AC1AB229CF1BAC00ECC3E6 /* MatchMO+CoreDataProperties.swift in Sources */,
				7630590629C934E7005371FF /* MatchesViewController.swift in Sources */,
				7630595729CA3751005371FF /* MatchesSection.swift in Sources */,
				76B0B8B629CDAF42001C6361 /* Publisher+result.swift in Sources */,
				76AC1AD229D088D700ECC3E6 /* ViewModelType.swift in Sources */,
				7630595429C9C491005371FF /* TeamMO+CoreDataClass.swift in Sources */,
				76AC1ACE29CF9E3300ECC3E6 /* TeamDetailViewModel.swift in Sources */,
				763058CB29C931EF005371FF /* SceneDelegate.swift in Sources */,
			);
			runOnlyForDeploymentPostprocessing = 0;
		};
		763058DA29C931F7005371FF /* Sources */ = {
			isa = PBXSourcesBuildPhase;
			buildActionMask = 2147483647;
			files = (
				76B6EB3F29D53D6D0058D355 /* MatchesViewModelTest.swift in Sources */,
				76078B6C29D57FBD00CBF06B /* TeamsViewModelTests.swift in Sources */,
				76078B6F29D5879A00CBF06B /* TeamDetailViewModelTests.swift in Sources */,
				76078B6429D5460D00CBF06B /* APIClientMock.swift in Sources */,
			);
			runOnlyForDeploymentPostprocessing = 0;
		};
		763058E429C931F7005371FF /* Sources */ = {
			isa = PBXSourcesBuildPhase;
			buildActionMask = 2147483647;
			files = (
				763058ED29C931F7005371FF /* FootballAppUITests.swift in Sources */,
				763058EF29C931F7005371FF /* FootballAppUITestsLaunchTests.swift in Sources */,
			);
			runOnlyForDeploymentPostprocessing = 0;
		};
/* End PBXSourcesBuildPhase section */

/* Begin PBXTargetDependency section */
		763058E029C931F7005371FF /* PBXTargetDependency */ = {
			isa = PBXTargetDependency;
			target = 763058C429C931EF005371FF /* FootballApp */;
			targetProxy = 763058DF29C931F7005371FF /* PBXContainerItemProxy */;
		};
		763058EA29C931F7005371FF /* PBXTargetDependency */ = {
			isa = PBXTargetDependency;
			target = 763058C429C931EF005371FF /* FootballApp */;
			targetProxy = 763058E929C931F7005371FF /* PBXContainerItemProxy */;
		};
/* End PBXTargetDependency section */

/* Begin PBXVariantGroup section */
		763058D629C931F6005371FF /* LaunchScreen.storyboard */ = {
			isa = PBXVariantGroup;
			children = (
				763058D729C931F6005371FF /* Base */,
			);
			name = LaunchScreen.storyboard;
			sourceTree = "<group>";
		};
/* End PBXVariantGroup section */

/* Begin XCBuildConfiguration section */
		763058F029C931F7005371FF /* Debug */ = {
			isa = XCBuildConfiguration;
			buildSettings = {
				ALWAYS_SEARCH_USER_PATHS = NO;
				CLANG_ANALYZER_NONNULL = YES;
				CLANG_ANALYZER_NUMBER_OBJECT_CONVERSION = YES_AGGRESSIVE;
				CLANG_CXX_LANGUAGE_STANDARD = "gnu++20";
				CLANG_ENABLE_MODULES = YES;
				CLANG_ENABLE_OBJC_ARC = YES;
				CLANG_ENABLE_OBJC_WEAK = YES;
				CLANG_WARN_BLOCK_CAPTURE_AUTORELEASING = YES;
				CLANG_WARN_BOOL_CONVERSION = YES;
				CLANG_WARN_COMMA = YES;
				CLANG_WARN_CONSTANT_CONVERSION = YES;
				CLANG_WARN_DEPRECATED_OBJC_IMPLEMENTATIONS = YES;
				CLANG_WARN_DIRECT_OBJC_ISA_USAGE = YES_ERROR;
				CLANG_WARN_DOCUMENTATION_COMMENTS = YES;
				CLANG_WARN_EMPTY_BODY = YES;
				CLANG_WARN_ENUM_CONVERSION = YES;
				CLANG_WARN_INFINITE_RECURSION = YES;
				CLANG_WARN_INT_CONVERSION = YES;
				CLANG_WARN_NON_LITERAL_NULL_CONVERSION = YES;
				CLANG_WARN_OBJC_IMPLICIT_RETAIN_SELF = YES;
				CLANG_WARN_OBJC_LITERAL_CONVERSION = YES;
				CLANG_WARN_OBJC_ROOT_CLASS = YES_ERROR;
				CLANG_WARN_QUOTED_INCLUDE_IN_FRAMEWORK_HEADER = YES;
				CLANG_WARN_RANGE_LOOP_ANALYSIS = YES;
				CLANG_WARN_STRICT_PROTOTYPES = YES;
				CLANG_WARN_SUSPICIOUS_MOVE = YES;
				CLANG_WARN_UNGUARDED_AVAILABILITY = YES_AGGRESSIVE;
				CLANG_WARN_UNREACHABLE_CODE = YES;
				CLANG_WARN__DUPLICATE_METHOD_MATCH = YES;
				COPY_PHASE_STRIP = NO;
				DEBUG_INFORMATION_FORMAT = dwarf;
				ENABLE_STRICT_OBJC_MSGSEND = YES;
				ENABLE_TESTABILITY = YES;
				GCC_C_LANGUAGE_STANDARD = gnu11;
				GCC_DYNAMIC_NO_PIC = NO;
				GCC_NO_COMMON_BLOCKS = YES;
				GCC_OPTIMIZATION_LEVEL = 0;
				GCC_PREPROCESSOR_DEFINITIONS = (
					"DEBUG=1",
					"$(inherited)",
				);
				GCC_WARN_64_TO_32_BIT_CONVERSION = YES;
				GCC_WARN_ABOUT_RETURN_TYPE = YES_ERROR;
				GCC_WARN_UNDECLARED_SELECTOR = YES;
				GCC_WARN_UNINITIALIZED_AUTOS = YES_AGGRESSIVE;
				GCC_WARN_UNUSED_FUNCTION = YES;
				GCC_WARN_UNUSED_VARIABLE = YES;
				IPHONEOS_DEPLOYMENT_TARGET = 16.2;
				MTL_ENABLE_DEBUG_INFO = INCLUDE_SOURCE;
				MTL_FAST_MATH = YES;
				ONLY_ACTIVE_ARCH = YES;
				SDKROOT = iphoneos;
				SWIFT_ACTIVE_COMPILATION_CONDITIONS = DEBUG;
				SWIFT_OPTIMIZATION_LEVEL = "-Onone";
			};
			name = Debug;
		};
		763058F129C931F7005371FF /* Release */ = {
			isa = XCBuildConfiguration;
			buildSettings = {
				ALWAYS_SEARCH_USER_PATHS = NO;
				CLANG_ANALYZER_NONNULL = YES;
				CLANG_ANALYZER_NUMBER_OBJECT_CONVERSION = YES_AGGRESSIVE;
				CLANG_CXX_LANGUAGE_STANDARD = "gnu++20";
				CLANG_ENABLE_MODULES = YES;
				CLANG_ENABLE_OBJC_ARC = YES;
				CLANG_ENABLE_OBJC_WEAK = YES;
				CLANG_WARN_BLOCK_CAPTURE_AUTORELEASING = YES;
				CLANG_WARN_BOOL_CONVERSION = YES;
				CLANG_WARN_COMMA = YES;
				CLANG_WARN_CONSTANT_CONVERSION = YES;
				CLANG_WARN_DEPRECATED_OBJC_IMPLEMENTATIONS = YES;
				CLANG_WARN_DIRECT_OBJC_ISA_USAGE = YES_ERROR;
				CLANG_WARN_DOCUMENTATION_COMMENTS = YES;
				CLANG_WARN_EMPTY_BODY = YES;
				CLANG_WARN_ENUM_CONVERSION = YES;
				CLANG_WARN_INFINITE_RECURSION = YES;
				CLANG_WARN_INT_CONVERSION = YES;
				CLANG_WARN_NON_LITERAL_NULL_CONVERSION = YES;
				CLANG_WARN_OBJC_IMPLICIT_RETAIN_SELF = YES;
				CLANG_WARN_OBJC_LITERAL_CONVERSION = YES;
				CLANG_WARN_OBJC_ROOT_CLASS = YES_ERROR;
				CLANG_WARN_QUOTED_INCLUDE_IN_FRAMEWORK_HEADER = YES;
				CLANG_WARN_RANGE_LOOP_ANALYSIS = YES;
				CLANG_WARN_STRICT_PROTOTYPES = YES;
				CLANG_WARN_SUSPICIOUS_MOVE = YES;
				CLANG_WARN_UNGUARDED_AVAILABILITY = YES_AGGRESSIVE;
				CLANG_WARN_UNREACHABLE_CODE = YES;
				CLANG_WARN__DUPLICATE_METHOD_MATCH = YES;
				COPY_PHASE_STRIP = NO;
				DEBUG_INFORMATION_FORMAT = "dwarf-with-dsym";
				ENABLE_NS_ASSERTIONS = NO;
				ENABLE_STRICT_OBJC_MSGSEND = YES;
				GCC_C_LANGUAGE_STANDARD = gnu11;
				GCC_NO_COMMON_BLOCKS = YES;
				GCC_WARN_64_TO_32_BIT_CONVERSION = YES;
				GCC_WARN_ABOUT_RETURN_TYPE = YES_ERROR;
				GCC_WARN_UNDECLARED_SELECTOR = YES;
				GCC_WARN_UNINITIALIZED_AUTOS = YES_AGGRESSIVE;
				GCC_WARN_UNUSED_FUNCTION = YES;
				GCC_WARN_UNUSED_VARIABLE = YES;
				IPHONEOS_DEPLOYMENT_TARGET = 16.2;
				MTL_ENABLE_DEBUG_INFO = NO;
				MTL_FAST_MATH = YES;
				SDKROOT = iphoneos;
				SWIFT_COMPILATION_MODE = wholemodule;
				SWIFT_OPTIMIZATION_LEVEL = "-O";
				VALIDATE_PRODUCT = YES;
			};
			name = Release;
		};
		763058F329C931F7005371FF /* Debug */ = {
			isa = XCBuildConfiguration;
			buildSettings = {
				ASSETCATALOG_COMPILER_APPICON_NAME = AppIcon;
				ASSETCATALOG_COMPILER_GLOBAL_ACCENT_COLOR_NAME = AccentColor;
				CODE_SIGN_STYLE = Automatic;
				CURRENT_PROJECT_VERSION = 1;
				DEVELOPMENT_TEAM = WCUS52JJ8S;
				GENERATE_INFOPLIST_FILE = YES;
				INFOPLIST_FILE = FootballApp/Info.plist;
				INFOPLIST_KEY_UIApplicationSupportsIndirectInputEvents = YES;
				INFOPLIST_KEY_UILaunchStoryboardName = LaunchScreen;
				INFOPLIST_KEY_UISupportedInterfaceOrientations_iPad = "UIInterfaceOrientationPortrait UIInterfaceOrientationPortraitUpsideDown UIInterfaceOrientationLandscapeLeft UIInterfaceOrientationLandscapeRight";
				INFOPLIST_KEY_UISupportedInterfaceOrientations_iPhone = "UIInterfaceOrientationPortrait UIInterfaceOrientationLandscapeLeft UIInterfaceOrientationLandscapeRight";
				IPHONEOS_DEPLOYMENT_TARGET = 14.0;
				LD_RUNPATH_SEARCH_PATHS = (
					"$(inherited)",
					"@executable_path/Frameworks",
				);
				MARKETING_VERSION = 1.0;
				PRODUCT_BUNDLE_IDENTIFIER = thy.nguyen.FootballApp;
				PRODUCT_NAME = "$(TARGET_NAME)";
				SWIFT_EMIT_LOC_STRINGS = YES;
				SWIFT_VERSION = 5.0;
				TARGETED_DEVICE_FAMILY = "1,2";
			};
			name = Debug;
		};
		763058F429C931F7005371FF /* Release */ = {
			isa = XCBuildConfiguration;
			buildSettings = {
				ASSETCATALOG_COMPILER_APPICON_NAME = AppIcon;
				ASSETCATALOG_COMPILER_GLOBAL_ACCENT_COLOR_NAME = AccentColor;
				CODE_SIGN_STYLE = Automatic;
				CURRENT_PROJECT_VERSION = 1;
				DEVELOPMENT_TEAM = WCUS52JJ8S;
				GENERATE_INFOPLIST_FILE = YES;
				INFOPLIST_FILE = FootballApp/Info.plist;
				INFOPLIST_KEY_UIApplicationSupportsIndirectInputEvents = YES;
				INFOPLIST_KEY_UILaunchStoryboardName = LaunchScreen;
				INFOPLIST_KEY_UISupportedInterfaceOrientations_iPad = "UIInterfaceOrientationPortrait UIInterfaceOrientationPortraitUpsideDown UIInterfaceOrientationLandscapeLeft UIInterfaceOrientationLandscapeRight";
				INFOPLIST_KEY_UISupportedInterfaceOrientations_iPhone = "UIInterfaceOrientationPortrait UIInterfaceOrientationLandscapeLeft UIInterfaceOrientationLandscapeRight";
				IPHONEOS_DEPLOYMENT_TARGET = 14.0;
				LD_RUNPATH_SEARCH_PATHS = (
					"$(inherited)",
					"@executable_path/Frameworks",
				);
				MARKETING_VERSION = 1.0;
				PRODUCT_BUNDLE_IDENTIFIER = thy.nguyen.FootballApp;
				PRODUCT_NAME = "$(TARGET_NAME)";
				SWIFT_EMIT_LOC_STRINGS = YES;
				SWIFT_VERSION = 5.0;
				TARGETED_DEVICE_FAMILY = "1,2";
			};
			name = Release;
		};
		763058F629C931F7005371FF /* Debug */ = {
			isa = XCBuildConfiguration;
			buildSettings = {
				ALWAYS_EMBED_SWIFT_STANDARD_LIBRARIES = YES;
				BUNDLE_LOADER = "$(TEST_HOST)";
				CODE_SIGN_STYLE = Automatic;
				CURRENT_PROJECT_VERSION = 1;
				DEVELOPMENT_TEAM = WCUS52JJ8S;
				GENERATE_INFOPLIST_FILE = YES;
				IPHONEOS_DEPLOYMENT_TARGET = 16.2;
				MARKETING_VERSION = 1.0;
				PRODUCT_BUNDLE_IDENTIFIER = thy.nguyen.FootballAppTests;
				PRODUCT_NAME = "$(TARGET_NAME)";
				SWIFT_EMIT_LOC_STRINGS = NO;
				SWIFT_VERSION = 5.0;
				TARGETED_DEVICE_FAMILY = "1,2";
				TEST_HOST = "$(BUILT_PRODUCTS_DIR)/FootballApp.app/$(BUNDLE_EXECUTABLE_FOLDER_PATH)/FootballApp";
			};
			name = Debug;
		};
		763058F729C931F7005371FF /* Release */ = {
			isa = XCBuildConfiguration;
			buildSettings = {
				ALWAYS_EMBED_SWIFT_STANDARD_LIBRARIES = YES;
				BUNDLE_LOADER = "$(TEST_HOST)";
				CODE_SIGN_STYLE = Automatic;
				CURRENT_PROJECT_VERSION = 1;
				DEVELOPMENT_TEAM = WCUS52JJ8S;
				GENERATE_INFOPLIST_FILE = YES;
				IPHONEOS_DEPLOYMENT_TARGET = 16.2;
				MARKETING_VERSION = 1.0;
				PRODUCT_BUNDLE_IDENTIFIER = thy.nguyen.FootballAppTests;
				PRODUCT_NAME = "$(TARGET_NAME)";
				SWIFT_EMIT_LOC_STRINGS = NO;
				SWIFT_VERSION = 5.0;
				TARGETED_DEVICE_FAMILY = "1,2";
				TEST_HOST = "$(BUILT_PRODUCTS_DIR)/FootballApp.app/$(BUNDLE_EXECUTABLE_FOLDER_PATH)/FootballApp";
			};
			name = Release;
		};
		763058F929C931F7005371FF /* Debug */ = {
			isa = XCBuildConfiguration;
			buildSettings = {
				ALWAYS_EMBED_SWIFT_STANDARD_LIBRARIES = YES;
				CODE_SIGN_STYLE = Automatic;
				CURRENT_PROJECT_VERSION = 1;
				DEVELOPMENT_TEAM = WCUS52JJ8S;
				GENERATE_INFOPLIST_FILE = YES;
				MARKETING_VERSION = 1.0;
				PRODUCT_BUNDLE_IDENTIFIER = thy.nguyen.FootballAppUITests;
				PRODUCT_NAME = "$(TARGET_NAME)";
				SWIFT_EMIT_LOC_STRINGS = NO;
				SWIFT_VERSION = 5.0;
				TARGETED_DEVICE_FAMILY = "1,2";
				TEST_TARGET_NAME = FootballApp;
			};
			name = Debug;
		};
		763058FA29C931F7005371FF /* Release */ = {
			isa = XCBuildConfiguration;
			buildSettings = {
				ALWAYS_EMBED_SWIFT_STANDARD_LIBRARIES = YES;
				CODE_SIGN_STYLE = Automatic;
				CURRENT_PROJECT_VERSION = 1;
				DEVELOPMENT_TEAM = WCUS52JJ8S;
				GENERATE_INFOPLIST_FILE = YES;
				MARKETING_VERSION = 1.0;
				PRODUCT_BUNDLE_IDENTIFIER = thy.nguyen.FootballAppUITests;
				PRODUCT_NAME = "$(TARGET_NAME)";
				SWIFT_EMIT_LOC_STRINGS = NO;
				SWIFT_VERSION = 5.0;
				TARGETED_DEVICE_FAMILY = "1,2";
				TEST_TARGET_NAME = FootballApp;
			};
			name = Release;
		};
/* End XCBuildConfiguration section */

/* Begin XCConfigurationList section */
		763058C029C931EF005371FF /* Build configuration list for PBXProject "FootballApp" */ = {
			isa = XCConfigurationList;
			buildConfigurations = (
				763058F029C931F7005371FF /* Debug */,
				763058F129C931F7005371FF /* Release */,
			);
			defaultConfigurationIsVisible = 0;
			defaultConfigurationName = Release;
		};
		763058F229C931F7005371FF /* Build configuration list for PBXNativeTarget "FootballApp" */ = {
			isa = XCConfigurationList;
			buildConfigurations = (
				763058F329C931F7005371FF /* Debug */,
				763058F429C931F7005371FF /* Release */,
			);
			defaultConfigurationIsVisible = 0;
			defaultConfigurationName = Release;
		};
		763058F529C931F7005371FF /* Build configuration list for PBXNativeTarget "FootballAppTests" */ = {
			isa = XCConfigurationList;
			buildConfigurations = (
				763058F629C931F7005371FF /* Debug */,
				763058F729C931F7005371FF /* Release */,
			);
			defaultConfigurationIsVisible = 0;
			defaultConfigurationName = Release;
		};
		763058F829C931F7005371FF /* Build configuration list for PBXNativeTarget "FootballAppUITests" */ = {
			isa = XCConfigurationList;
			buildConfigurations = (
				763058F929C931F7005371FF /* Debug */,
				763058FA29C931F7005371FF /* Release */,
			);
			defaultConfigurationIsVisible = 0;
			defaultConfigurationName = Release;
		};
/* End XCConfigurationList section */

/* Begin XCRemoteSwiftPackageReference section */
		7630591D29C94E4A005371FF /* XCRemoteSwiftPackageReference "Kingfisher" */ = {
			isa = XCRemoteSwiftPackageReference;
			repositoryURL = "https://github.com/onevcat/Kingfisher.git";
			requirement = {
				kind = upToNextMajorVersion;
				minimumVersion = 7.0.0;
			};
		};
		7630592029C94E6E005371FF /* XCRemoteSwiftPackageReference "SnapKit" */ = {
			isa = XCRemoteSwiftPackageReference;
			repositoryURL = "https://github.com/SnapKit/SnapKit.git";
			requirement = {
				kind = upToNextMajorVersion;
				minimumVersion = 5.0.1;
			};
		};
		7630592929C95D17005371FF /* XCRemoteSwiftPackageReference "Reachability" */ = {
			isa = XCRemoteSwiftPackageReference;
			repositoryURL = "https://github.com/ashleymills/Reachability.swift";
			requirement = {
				branch = master;
				kind = branch;
			};
		};
/* End XCRemoteSwiftPackageReference section */

/* Begin XCSwiftPackageProductDependency section */
		7630592129C94E6E005371FF /* SnapKit */ = {
			isa = XCSwiftPackageProductDependency;
			package = 7630592029C94E6E005371FF /* XCRemoteSwiftPackageReference "SnapKit" */;
			productName = SnapKit;
		};
		7630592A29C95D17005371FF /* Reachability */ = {
			isa = XCSwiftPackageProductDependency;
			package = 7630592929C95D17005371FF /* XCRemoteSwiftPackageReference "Reachability" */;
			productName = Reachability;
		};
		76AC1AC929CF9E0300ECC3E6 /* Kingfisher */ = {
			isa = XCSwiftPackageProductDependency;
			package = 7630591D29C94E4A005371FF /* XCRemoteSwiftPackageReference "Kingfisher" */;
			productName = Kingfisher;
		};
/* End XCSwiftPackageProductDependency section */

/* Begin XCVersionGroup section */
		763058D129C931EF005371FF /* FootballApp.xcdatamodeld */ = {
			isa = XCVersionGroup;
			children = (
				763058D229C931EF005371FF /* FootballApp.xcdatamodel */,
			);
			currentVersion = 763058D229C931EF005371FF /* FootballApp.xcdatamodel */;
			path = FootballApp.xcdatamodeld;
			sourceTree = "<group>";
			versionGroupType = wrapper.xcdatamodel;
		};
/* End XCVersionGroup section */
	};
	rootObject = 763058BD29C931EF005371FF /* Project object */;
}
