// !$*UTF8*$!
{
	archiveVersion = 1;
	classes = {
	};
	objectVersion = 56;
	objects = {

/* Begin PBXBuildFile section */
		763058C929C931EF005371FF /* AppDelegate.swift in Sources */ = {isa = PBXBuildFile; fileRef = 763058C829C931EF005371FF /* AppDelegate.swift */; };
		763058CB29C931EF005371FF /* SceneDelegate.swift in Sources */ = {isa = PBXBuildFile; fileRef = 763058CA29C931EF005371FF /* SceneDelegate.swift */; };
		763058CD29C931EF005371FF /* ViewController.swift in Sources */ = {isa = PBXBuildFile; fileRef = 763058CC29C931EF005371FF /* ViewController.swift */; };
		763058D029C931EF005371FF /* Main.storyboard in Resources */ = {isa = PBXBuildFile; fileRef = 763058CE29C931EF005371FF /* Main.storyboard */; };
		763058D329C931EF005371FF /* FootballApp.xcdatamodeld in Sources */ = {isa = PBXBuildFile; fileRef = 763058D129C931EF005371FF /* FootballApp.xcdatamodeld */; };
		763058D529C931F6005371FF /* Assets.xcassets in Resources */ = {isa = PBXBuildFile; fileRef = 763058D429C931F6005371FF /* Assets.xcassets */; };
		763058D829C931F6005371FF /* LaunchScreen.storyboard in Resources */ = {isa = PBXBuildFile; fileRef = 763058D629C931F6005371FF /* LaunchScreen.storyboard */; };
		763058E329C931F7005371FF /* FootballAppTests.swift in Sources */ = {isa = PBXBuildFile; fileRef = 763058E229C931F7005371FF /* FootballAppTests.swift */; };
		763058ED29C931F7005371FF /* FootballAppUITests.swift in Sources */ = {isa = PBXBuildFile; fileRef = 763058EC29C931F7005371FF /* FootballAppUITests.swift */; };
		763058EF29C931F7005371FF /* FootballAppUITestsLaunchTests.swift in Sources */ = {isa = PBXBuildFile; fileRef = 763058EE29C931F7005371FF /* FootballAppUITestsLaunchTests.swift */; };
/* End PBXBuildFile section */

/* Begin PBXContainerItemProxy section */
		763058DF29C931F7005371FF /* PBXContainerItemProxy */ = {
			isa = PBXContainerItemProxy;
			containerPortal = 763058BD29C931EF005371FF /* Project object */;
			proxyType = 1;
			remoteGlobalIDString = 763058C429C931EF005371FF;
			remoteInfo = FootballApp;
		};
		763058E929C931F7005371FF /* PBXContainerItemProxy */ = {
			isa = PBXContainerItemProxy;
			containerPortal = 763058BD29C931EF005371FF /* Project object */;
			proxyType = 1;
			remoteGlobalIDString = 763058C429C931EF005371FF;
			remoteInfo = FootballApp;
		};
/* End PBXContainerItemProxy section */

/* Begin PBXFileReference section */
		763058C529C931EF005371FF /* FootballApp.app */ = {isa = PBXFileReference; explicitFileType = wrapper.application; includeInIndex = 0; path = FootballApp.app; sourceTree = BUILT_PRODUCTS_DIR; };
		763058C829C931EF005371FF /* AppDelegate.swift */ = {isa = PBXFileReference; lastKnownFileType = sourcecode.swift; path = AppDelegate.swift; sourceTree = "<group>"; };
		763058CA29C931EF005371FF /* SceneDelegate.swift */ = {isa = PBXFileReference; lastKnownFileType = sourcecode.swift; path = SceneDelegate.swift; sourceTree = "<group>"; };
		763058CC29C931EF005371FF /* ViewController.swift */ = {isa = PBXFileReference; lastKnownFileType = sourcecode.swift; path = ViewController.swift; sourceTree = "<group>"; };
		763058CF29C931EF005371FF /* Base */ = {isa = PBXFileReference; lastKnownFileType = file.storyboard; name = Base; path = Base.lproj/Main.storyboard; sourceTree = "<group>"; };
		763058D229C931EF005371FF /* FootballApp.xcdatamodel */ = {isa = PBXFileReference; lastKnownFileType = wrapper.xcdatamodel; path = FootballApp.xcdatamodel; sourceTree = "<group>"; };
		763058D429C931F6005371FF /* Assets.xcassets */ = {isa = PBXFileReference; lastKnownFileType = folder.assetcatalog; path = Assets.xcassets; sourceTree = "<group>"; };
		763058D729C931F6005371FF /* Base */ = {isa = PBXFileReference; lastKnownFileType = file.storyboard; name = Base; path = Base.lproj/LaunchScreen.storyboard; sourceTree = "<group>"; };
		763058D929C931F6005371FF /* Info.plist */ = {isa = PBXFileReference; lastKnownFileType = text.plist.xml; path = Info.plist; sourceTree = "<group>"; };
		763058DE29C931F7005371FF /* FootballAppTests.xctest */ = {isa = PBXFileReference; explicitFileType = wrapper.cfbundle; includeInIndex = 0; path = FootballAppTests.xctest; sourceTree = BUILT_PRODUCTS_DIR; };
		763058E229C931F7005371FF /* FootballAppTests.swift */ = {isa = PBXFileReference; lastKnownFileType = sourcecode.swift; path = FootballAppTests.swift; sourceTree = "<group>"; };
		763058E829C931F7005371FF /* FootballAppUITests.xctest */ = {isa = PBXFileReference; explicitFileType = wrapper.cfbundle; includeInIndex = 0; path = FootballAppUITests.xctest; sourceTree = BUILT_PRODUCTS_DIR; };
		763058EC29C931F7005371FF /* FootballAppUITests.swift */ = {isa = PBXFileReference; lastKnownFileType = sourcecode.swift; path = FootballAppUITests.swift; sourceTree = "<group>"; };
		763058EE29C931F7005371FF /* FootballAppUITestsLaunchTests.swift */ = {isa = PBXFileReference; lastKnownFileType = sourcecode.swift; path = FootballAppUITestsLaunchTests.swift; sourceTree = "<group>"; };
/* End PBXFileReference section */

/* Begin PBXFrameworksBuildPhase section */
		763058C229C931EF005371FF /* Frameworks */ = {
			isa = PBXFrameworksBuildPhase;
			buildActionMask = 2147483647;
			files = (
			);
			runOnlyForDeploymentPostprocessing = 0;
		};
		763058DB29C931F7005371FF /* Frameworks */ = {
			isa = PBXFrameworksBuildPhase;
			buildActionMask = 2147483647;
			files = (
			);
			runOnlyForDeploymentPostprocessing = 0;
		};
		763058E529C931F7005371FF /* Frameworks */ = {
			isa = PBXFrameworksBuildPhase;
			buildActionMask = 2147483647;
			files = (
			);
			runOnlyForDeploymentPostprocessing = 0;
		};
/* End PBXFrameworksBuildPhase section */

/* Begin PBXGroup section */
		763058BC29C931EF005371FF = {
			isa = PBXGroup;
			children = (
				763058C729C931EF005371FF /* FootballApp */,
				763058E129C931F7005371FF /* FootballAppTests */,
				763058EB29C931F7005371FF /* FootballAppUITests */,
				763058C629C931EF005371FF /* Products */,
			);
			sourceTree = "<group>";
		};
		763058C629C931EF005371FF /* Products */ = {
			isa = PBXGroup;
			children = (
				763058C529C931EF005371FF /* FootballApp.app */,
				763058DE29C931F7005371FF /* FootballAppTests.xctest */,
				763058E829C931F7005371FF /* FootballAppUITests.xctest */,
			);
			name = Products;
			sourceTree = "<group>";
		};
		763058C729C931EF005371FF /* FootballApp */ = {
			isa = PBXGroup;
			children = (
				763058C829C931EF005371FF /* AppDelegate.swift */,
				763058CA29C931EF005371FF /* SceneDelegate.swift */,
				763058CC29C931EF005371FF /* ViewController.swift */,
				763058CE29C931EF005371FF /* Main.storyboard */,
				763058D429C931F6005371FF /* Assets.xcassets */,
				763058D629C931F6005371FF /* LaunchScreen.storyboard */,
				763058D929C931F6005371FF /* Info.plist */,
				763058D129C931EF005371FF /* FootballApp.xcdatamodeld */,
			);
			path = FootballApp;
			sourceTree = "<group>";
		};
		763058E129C931F7005371FF /* FootballAppTests */ = {
			isa = PBXGroup;
			children = (
				763058E229C931F7005371FF /* FootballAppTests.swift */,
			);
			path = FootballAppTests;
			sourceTree = "<group>";
		};
		763058EB29C931F7005371FF /* FootballAppUITests */ = {
			isa = PBXGroup;
			children = (
				763058EC29C931F7005371FF /* FootballAppUITests.swift */,
				763058EE29C931F7005371FF /* FootballAppUITestsLaunchTests.swift */,
			);
			path = FootballAppUITests;
			sourceTree = "<group>";
		};
/* End PBXGroup section */

/* Begin PBXNativeTarget section */
		763058C429C931EF005371FF /* FootballApp */ = {
			isa = PBXNativeTarget;
			buildConfigurationList = 763058F229C931F7005371FF /* Build configuration list for PBXNativeTarget "FootballApp" */;
			buildPhases = (
				763058C129C931EF005371FF /* Sources */,
				763058C229C931EF005371FF /* Frameworks */,
				763058C329C931EF005371FF /* Resources */,
			);
			buildRules = (
			);
			dependencies = (
			);
			name = FootballApp;
			productName = FootballApp;
			productReference = 763058C529C931EF005371FF /* FootballApp.app */;
			productType = "com.apple.product-type.application";
		};
		763058DD29C931F7005371FF /* FootballAppTests */ = {
			isa = PBXNativeTarget;
			buildConfigurationList = 763058F529C931F7005371FF /* Build configuration list for PBXNativeTarget "FootballAppTests" */;
			buildPhases = (
				763058DA29C931F7005371FF /* Sources */,
				763058DB29C931F7005371FF /* Frameworks */,
				763058DC29C931F7005371FF /* Resources */,
			);
			buildRules = (
			);
			dependencies = (
				763058E029C931F7005371FF /* PBXTargetDependency */,
			);
			name = FootballAppTests;
			productName = FootballAppTests;
			productReference = 763058DE29C931F7005371FF /* FootballAppTests.xctest */;
			productType = "com.apple.product-type.bundle.unit-test";
		};
		763058E729C931F7005371FF /* FootballAppUITests */ = {
			isa = PBXNativeTarget;
			buildConfigurationList = 763058F829C931F7005371FF /* Build configuration list for PBXNativeTarget "FootballAppUITests" */;
			buildPhases = (
				763058E429C931F7005371FF /* Sources */,
				763058E529C931F7005371FF /* Frameworks */,
				763058E629C931F7005371FF /* Resources */,
			);
			buildRules = (
			);
			dependencies = (
				763058EA29C931F7005371FF /* PBXTargetDependency */,
			);
			name = FootballAppUITests;
			productName = FootballAppUITests;
			productReference = 763058E829C931F7005371FF /* FootballAppUITests.xctest */;
			productType = "com.apple.product-type.bundle.ui-testing";
		};
/* End PBXNativeTarget section */

/* Begin PBXProject section */
		763058BD29C931EF005371FF /* Project object */ = {
			isa = PBXProject;
			attributes = {
				BuildIndependentTargetsInParallel = 1;
				LastSwiftUpdateCheck = 1420;
				LastUpgradeCheck = 1420;
				TargetAttributes = {
					763058C429C931EF005371FF = {
						CreatedOnToolsVersion = 14.2;
					};
					763058DD29C931F7005371FF = {
						CreatedOnToolsVersion = 14.2;
						TestTargetID = 763058C429C931EF005371FF;
					};
					763058E729C931F7005371FF = {
						CreatedOnToolsVersion = 14.2;
						TestTargetID = 763058C429C931EF005371FF;
					};
				};
			};
			buildConfigurationList = 763058C029C931EF005371FF /* Build configuration list for PBXProject "FootballApp" */;
			compatibilityVersion = "Xcode 14.0";
			developmentRegion = en;
			hasScannedForEncodings = 0;
			knownRegions = (
				en,
				Base,
			);
			mainGroup = 763058BC29C931EF005371FF;
			productRefGroup = 763058C629C931EF005371FF /* Products */;
			projectDirPath = "";
			projectRoot = "";
			targets = (
				763058C429C931EF005371FF /* FootballApp */,
				763058DD29C931F7005371FF /* FootballAppTests */,
				763058E729C931F7005371FF /* FootballAppUITests */,
			);
		};
/* End PBXProject section */

/* Begin PBXResourcesBuildPhase section */
		763058C329C931EF005371FF /* Resources */ = {
			isa = PBXResourcesBuildPhase;
			buildActionMask = 2147483647;
			files = (
				763058D829C931F6005371FF /* LaunchScreen.storyboard in Resources */,
				763058D529C931F6005371FF /* Assets.xcassets in Resources */,
				763058D029C931EF005371FF /* Main.storyboard in Resources */,
			);
			runOnlyForDeploymentPostprocessing = 0;
		};
		763058DC29C931F7005371FF /* Resources */ = {
			isa = PBXResourcesBuildPhase;
			buildActionMask = 2147483647;
			files = (
			);
			runOnlyForDeploymentPostprocessing = 0;
		};
		763058E629C931F7005371FF /* Resources */ = {
			isa = PBXResourcesBuildPhase;
			buildActionMask = 2147483647;
			files = (
			);
			runOnlyForDeploymentPostprocessing = 0;
		};
/* End PBXResourcesBuildPhase section */

/* Begin PBXSourcesBuildPhase section */
		763058C129C931EF005371FF /* Sources */ = {
			isa = PBXSourcesBuildPhase;
			buildActionMask = 2147483647;
			files = (
				763058D329C931EF005371FF /* FootballApp.xcdatamodeld in Sources */,
				763058CD29C931EF005371FF /* ViewController.swift in Sources */,
				763058C929C931EF005371FF /* AppDelegate.swift in Sources */,
				763058CB29C931EF005371FF /* SceneDelegate.swift in Sources */,
			);
			runOnlyForDeploymentPostprocessing = 0;
		};
		763058DA29C931F7005371FF /* Sources */ = {
			isa = PBXSourcesBuildPhase;
			buildActionMask = 2147483647;
			files = (
				763058E329C931F7005371FF /* FootballAppTests.swift in Sources */,
			);
			runOnlyForDeploymentPostprocessing = 0;
		};
		763058E429C931F7005371FF /* Sources */ = {
			isa = PBXSourcesBuildPhase;
			buildActionMask = 2147483647;
			files = (
				763058ED29C931F7005371FF /* FootballAppUITests.swift in Sources */,
				763058EF29C931F7005371FF /* FootballAppUITestsLaunchTests.swift in Sources */,
			);
			runOnlyForDeploymentPostprocessing = 0;
		};
/* End PBXSourcesBuildPhase section */

/* Begin PBXTargetDependency section */
		763058E029C931F7005371FF /* PBXTargetDependency */ = {
			isa = PBXTargetDependency;
			target = 763058C429C931EF005371FF /* FootballApp */;
			targetProxy = 763058DF29C931F7005371FF /* PBXContainerItemProxy */;
		};
		763058EA29C931F7005371FF /* PBXTargetDependency */ = {
			isa = PBXTargetDependency;
			target = 763058C429C931EF005371FF /* FootballApp */;
			targetProxy = 763058E929C931F7005371FF /* PBXContainerItemProxy */;
		};
/* End PBXTargetDependency section */

/* Begin PBXVariantGroup section */
		763058CE29C931EF005371FF /* Main.storyboard */ = {
			isa = PBXVariantGroup;
			children = (
				763058CF29C931EF005371FF /* Base */,
			);
			name = Main.storyboard;
			sourceTree = "<group>";
		};
		763058D629C931F6005371FF /* LaunchScreen.storyboard */ = {
			isa = PBXVariantGroup;
			children = (
				763058D729C931F6005371FF /* Base */,
			);
			name = LaunchScreen.storyboard;
			sourceTree = "<group>";
		};
/* End PBXVariantGroup section */

/* Begin XCBuildConfiguration section */
		763058F029C931F7005371FF /* Debug */ = {
			isa = XCBuildConfiguration;
			buildSettings = {
				ALWAYS_SEARCH_USER_PATHS = NO;
				CLANG_ANALYZER_NONNULL = YES;
				CLANG_ANALYZER_NUMBER_OBJECT_CONVERSION = YES_AGGRESSIVE;
				CLANG_CXX_LANGUAGE_STANDARD = "gnu++20";
				CLANG_ENABLE_MODULES = YES;
				CLANG_ENABLE_OBJC_ARC = YES;
				CLANG_ENABLE_OBJC_WEAK = YES;
				CLANG_WARN_BLOCK_CAPTURE_AUTORELEASING = YES;
				CLANG_WARN_BOOL_CONVERSION = YES;
				CLANG_WARN_COMMA = YES;
				CLANG_WARN_CONSTANT_CONVERSION = YES;
				CLANG_WARN_DEPRECATED_OBJC_IMPLEMENTATIONS = YES;
				CLANG_WARN_DIRECT_OBJC_ISA_USAGE = YES_ERROR;
				CLANG_WARN_DOCUMENTATION_COMMENTS = YES;
				CLANG_WARN_EMPTY_BODY = YES;
				CLANG_WARN_ENUM_CONVERSION = YES;
				CLANG_WARN_INFINITE_RECURSION = YES;
				CLANG_WARN_INT_CONVERSION = YES;
				CLANG_WARN_NON_LITERAL_NULL_CONVERSION = YES;
				CLANG_WARN_OBJC_IMPLICIT_RETAIN_SELF = YES;
				CLANG_WARN_OBJC_LITERAL_CONVERSION = YES;
				CLANG_WARN_OBJC_ROOT_CLASS = YES_ERROR;
				CLANG_WARN_QUOTED_INCLUDE_IN_FRAMEWORK_HEADER = YES;
				CLANG_WARN_RANGE_LOOP_ANALYSIS = YES;
				CLANG_WARN_STRICT_PROTOTYPES = YES;
				CLANG_WARN_SUSPICIOUS_MOVE = YES;
				CLANG_WARN_UNGUARDED_AVAILABILITY = YES_AGGRESSIVE;
				CLANG_WARN_UNREACHABLE_CODE = YES;
				CLANG_WARN__DUPLICATE_METHOD_MATCH = YES;
				COPY_PHASE_STRIP = NO;
				DEBUG_INFORMATION_FORMAT = dwarf;
				ENABLE_STRICT_OBJC_MSGSEND = YES;
				ENABLE_TESTABILITY = YES;
				GCC_C_LANGUAGE_STANDARD = gnu11;
				GCC_DYNAMIC_NO_PIC = NO;
				GCC_NO_COMMON_BLOCKS = YES;
				GCC_OPTIMIZATION_LEVEL = 0;
				GCC_PREPROCESSOR_DEFINITIONS = (
					"DEBUG=1",
					"$(inherited)",
				);
				GCC_WARN_64_TO_32_BIT_CONVERSION = YES;
				GCC_WARN_ABOUT_RETURN_TYPE = YES_ERROR;
				GCC_WARN_UNDECLARED_SELECTOR = YES;
				GCC_WARN_UNINITIALIZED_AUTOS = YES_AGGRESSIVE;
				GCC_WARN_UNUSED_FUNCTION = YES;
				GCC_WARN_UNUSED_VARIABLE = YES;
				IPHONEOS_DEPLOYMENT_TARGET = 16.2;
				MTL_ENABLE_DEBUG_INFO = INCLUDE_SOURCE;
				MTL_FAST_MATH = YES;
				ONLY_ACTIVE_ARCH = YES;
				SDKROOT = iphoneos;
				SWIFT_ACTIVE_COMPILATION_CONDITIONS = DEBUG;
				SWIFT_OPTIMIZATION_LEVEL = "-Onone";
			};
			name = Debug;
		};
		763058F129C931F7005371FF /* Release */ = {
			isa = XCBuildConfiguration;
			buildSettings = {
				ALWAYS_SEARCH_USER_PATHS = NO;
				CLANG_ANALYZER_NONNULL = YES;
				CLANG_ANALYZER_NUMBER_OBJECT_CONVERSION = YES_AGGRESSIVE;
				CLANG_CXX_LANGUAGE_STANDARD = "gnu++20";
				CLANG_ENABLE_MODULES = YES;
				CLANG_ENABLE_OBJC_ARC = YES;
				CLANG_ENABLE_OBJC_WEAK = YES;
				CLANG_WARN_BLOCK_CAPTURE_AUTORELEASING = YES;
				CLANG_WARN_BOOL_CONVERSION = YES;
				CLANG_WARN_COMMA = YES;
				CLANG_WARN_CONSTANT_CONVERSION = YES;
				CLANG_WARN_DEPRECATED_OBJC_IMPLEMENTATIONS = YES;
				CLANG_WARN_DIRECT_OBJC_ISA_USAGE = YES_ERROR;
				CLANG_WARN_DOCUMENTATION_COMMENTS = YES;
				CLANG_WARN_EMPTY_BODY = YES;
				CLANG_WARN_ENUM_CONVERSION = YES;
				CLANG_WARN_INFINITE_RECURSION = YES;
				CLANG_WARN_INT_CONVERSION = YES;
				CLANG_WARN_NON_LITERAL_NULL_CONVERSION = YES;
				CLANG_WARN_OBJC_IMPLICIT_RETAIN_SELF = YES;
				CLANG_WARN_OBJC_LITERAL_CONVERSION = YES;
				CLANG_WARN_OBJC_ROOT_CLASS = YES_ERROR;
				CLANG_WARN_QUOTED_INCLUDE_IN_FRAMEWORK_HEADER = YES;
				CLANG_WARN_RANGE_LOOP_ANALYSIS = YES;
				CLANG_WARN_STRICT_PROTOTYPES = YES;
				CLANG_WARN_SUSPICIOUS_MOVE = YES;
				CLANG_WARN_UNGUARDED_AVAILABILITY = YES_AGGRESSIVE;
				CLANG_WARN_UNREACHABLE_CODE = YES;
				CLANG_WARN__DUPLICATE_METHOD_MATCH = YES;
				COPY_PHASE_STRIP = NO;
				DEBUG_INFORMATION_FORMAT = "dwarf-with-dsym";
				ENABLE_NS_ASSERTIONS = NO;
				ENABLE_STRICT_OBJC_MSGSEND = YES;
				GCC_C_LANGUAGE_STANDARD = gnu11;
				GCC_NO_COMMON_BLOCKS = YES;
				GCC_WARN_64_TO_32_BIT_CONVERSION = YES;
				GCC_WARN_ABOUT_RETURN_TYPE = YES_ERROR;
				GCC_WARN_UNDECLARED_SELECTOR = YES;
				GCC_WARN_UNINITIALIZED_AUTOS = YES_AGGRESSIVE;
				GCC_WARN_UNUSED_FUNCTION = YES;
				GCC_WARN_UNUSED_VARIABLE = YES;
				IPHONEOS_DEPLOYMENT_TARGET = 16.2;
				MTL_ENABLE_DEBUG_INFO = NO;
				MTL_FAST_MATH = YES;
				SDKROOT = iphoneos;
				SWIFT_COMPILATION_MODE = wholemodule;
				SWIFT_OPTIMIZATION_LEVEL = "-O";
				VALIDATE_PRODUCT = YES;
			};
			name = Release;
		};
		763058F329C931F7005371FF /* Debug */ = {
			isa = XCBuildConfiguration;
			buildSettings = {
				ASSETCATALOG_COMPILER_APPICON_NAME = AppIcon;
				ASSETCATALOG_COMPILER_GLOBAL_ACCENT_COLOR_NAME = AccentColor;
				CODE_SIGN_STYLE = Automatic;
				CURRENT_PROJECT_VERSION = 1;
				DEVELOPMENT_TEAM = WCUS52JJ8S;
				GENERATE_INFOPLIST_FILE = YES;
				INFOPLIST_FILE = FootballApp/Info.plist;
				INFOPLIST_KEY_UIApplicationSupportsIndirectInputEvents = YES;
				INFOPLIST_KEY_UILaunchStoryboardName = LaunchScreen;
				INFOPLIST_KEY_UIMainStoryboardFile = Main;
				INFOPLIST_KEY_UISupportedInterfaceOrientations_iPad = "UIInterfaceOrientationPortrait UIInterfaceOrientationPortraitUpsideDown UIInterfaceOrientationLandscapeLeft UIInterfaceOrientationLandscapeRight";
				INFOPLIST_KEY_UISupportedInterfaceOrientations_iPhone = "UIInterfaceOrientationPortrait UIInterfaceOrientationLandscapeLeft UIInterfaceOrientationLandscapeRight";
				LD_RUNPATH_SEARCH_PATHS = (
					"$(inherited)",
					"@executable_path/Frameworks",
				);
				MARKETING_VERSION = 1.0;
				PRODUCT_BUNDLE_IDENTIFIER = thy.nguyen.FootballApp;
				PRODUCT_NAME = "$(TARGET_NAME)";
				SWIFT_EMIT_LOC_STRINGS = YES;
				SWIFT_VERSION = 5.0;
				TARGETED_DEVICE_FAMILY = "1,2";
			};
			name = Debug;
		};
		763058F429C931F7005371FF /* Release */ = {
			isa = XCBuildConfiguration;
			buildSettings = {
				ASSETCATALOG_COMPILER_APPICON_NAME = AppIcon;
				ASSETCATALOG_COMPILER_GLOBAL_ACCENT_COLOR_NAME = AccentColor;
				CODE_SIGN_STYLE = Automatic;
				CURRENT_PROJECT_VERSION = 1;
				DEVELOPMENT_TEAM = WCUS52JJ8S;
				GENERATE_INFOPLIST_FILE = YES;
				INFOPLIST_FILE = FootballApp/Info.plist;
				INFOPLIST_KEY_UIApplicationSupportsIndirectInputEvents = YES;
				INFOPLIST_KEY_UILaunchStoryboardName = LaunchScreen;
				INFOPLIST_KEY_UIMainStoryboardFile = Main;
				INFOPLIST_KEY_UISupportedInterfaceOrientations_iPad = "UIInterfaceOrientationPortrait UIInterfaceOrientationPortraitUpsideDown UIInterfaceOrientationLandscapeLeft UIInterfaceOrientationLandscapeRight";
				INFOPLIST_KEY_UISupportedInterfaceOrientations_iPhone = "UIInterfaceOrientationPortrait UIInterfaceOrientationLandscapeLeft UIInterfaceOrientationLandscapeRight";
				LD_RUNPATH_SEARCH_PATHS = (
					"$(inherited)",
					"@executable_path/Frameworks",
				);
				MARKETING_VERSION = 1.0;
				PRODUCT_BUNDLE_IDENTIFIER = thy.nguyen.FootballApp;
				PRODUCT_NAME = "$(TARGET_NAME)";
				SWIFT_EMIT_LOC_STRINGS = YES;
				SWIFT_VERSION = 5.0;
				TARGETED_DEVICE_FAMILY = "1,2";
			};
			name = Release;
		};
		763058F629C931F7005371FF /* Debug */ = {
			isa = XCBuildConfiguration;
			buildSettings = {
				ALWAYS_EMBED_SWIFT_STANDARD_LIBRARIES = YES;
				BUNDLE_LOADER = "$(TEST_HOST)";
				CODE_SIGN_STYLE = Automatic;
				CURRENT_PROJECT_VERSION = 1;
				DEVELOPMENT_TEAM = WCUS52JJ8S;
				GENERATE_INFOPLIST_FILE = YES;
				IPHONEOS_DEPLOYMENT_TARGET = 16.2;
				MARKETING_VERSION = 1.0;
				PRODUCT_BUNDLE_IDENTIFIER = thy.nguyen.FootballAppTests;
				PRODUCT_NAME = "$(TARGET_NAME)";
				SWIFT_EMIT_LOC_STRINGS = NO;
				SWIFT_VERSION = 5.0;
				TARGETED_DEVICE_FAMILY = "1,2";
				TEST_HOST = "$(BUILT_PRODUCTS_DIR)/FootballApp.app/$(BUNDLE_EXECUTABLE_FOLDER_PATH)/FootballApp";
			};
			name = Debug;
		};
		763058F729C931F7005371FF /* Release */ = {
			isa = XCBuildConfiguration;
			buildSettings = {
				ALWAYS_EMBED_SWIFT_STANDARD_LIBRARIES = YES;
				BUNDLE_LOADER = "$(TEST_HOST)";
				CODE_SIGN_STYLE = Automatic;
				CURRENT_PROJECT_VERSION = 1;
				DEVELOPMENT_TEAM = WCUS52JJ8S;
				GENERATE_INFOPLIST_FILE = YES;
				IPHONEOS_DEPLOYMENT_TARGET = 16.2;
				MARKETING_VERSION = 1.0;
				PRODUCT_BUNDLE_IDENTIFIER = thy.nguyen.FootballAppTests;
				PRODUCT_NAME = "$(TARGET_NAME)";
				SWIFT_EMIT_LOC_STRINGS = NO;
				SWIFT_VERSION = 5.0;
				TARGETED_DEVICE_FAMILY = "1,2";
				TEST_HOST = "$(BUILT_PRODUCTS_DIR)/FootballApp.app/$(BUNDLE_EXECUTABLE_FOLDER_PATH)/FootballApp";
			};
			name = Release;
		};
		763058F929C931F7005371FF /* Debug */ = {
			isa = XCBuildConfiguration;
			buildSettings = {
				ALWAYS_EMBED_SWIFT_STANDARD_LIBRARIES = YES;
				CODE_SIGN_STYLE = Automatic;
				CURRENT_PROJECT_VERSION = 1;
				DEVELOPMENT_TEAM = WCUS52JJ8S;
				GENERATE_INFOPLIST_FILE = YES;
				MARKETING_VERSION = 1.0;
				PRODUCT_BUNDLE_IDENTIFIER = thy.nguyen.FootballAppUITests;
				PRODUCT_NAME = "$(TARGET_NAME)";
				SWIFT_EMIT_LOC_STRINGS = NO;
				SWIFT_VERSION = 5.0;
				TARGETED_DEVICE_FAMILY = "1,2";
				TEST_TARGET_NAME = FootballApp;
			};
			name = Debug;
		};
		763058FA29C931F7005371FF /* Release */ = {
			isa = XCBuildConfiguration;
			buildSettings = {
				ALWAYS_EMBED_SWIFT_STANDARD_LIBRARIES = YES;
				CODE_SIGN_STYLE = Automatic;
				CURRENT_PROJECT_VERSION = 1;
				DEVELOPMENT_TEAM = WCUS52JJ8S;
				GENERATE_INFOPLIST_FILE = YES;
				MARKETING_VERSION = 1.0;
				PRODUCT_BUNDLE_IDENTIFIER = thy.nguyen.FootballAppUITests;
				PRODUCT_NAME = "$(TARGET_NAME)";
				SWIFT_EMIT_LOC_STRINGS = NO;
				SWIFT_VERSION = 5.0;
				TARGETED_DEVICE_FAMILY = "1,2";
				TEST_TARGET_NAME = FootballApp;
			};
			name = Release;
		};
/* End XCBuildConfiguration section */

/* Begin XCConfigurationList section */
		763058C029C931EF005371FF /* Build configuration list for PBXProject "FootballApp" */ = {
			isa = XCConfigurationList;
			buildConfigurations = (
				763058F029C931F7005371FF /* Debug */,
				763058F129C931F7005371FF /* Release */,
			);
			defaultConfigurationIsVisible = 0;
			defaultConfigurationName = Release;
		};
		763058F229C931F7005371FF /* Build configuration list for PBXNativeTarget "FootballApp" */ = {
			isa = XCConfigurationList;
			buildConfigurations = (
				763058F329C931F7005371FF /* Debug */,
				763058F429C931F7005371FF /* Release */,
			);
			defaultConfigurationIsVisible = 0;
			defaultConfigurationName = Release;
		};
		763058F529C931F7005371FF /* Build configuration list for PBXNativeTarget "FootballAppTests" */ = {
			isa = XCConfigurationList;
			buildConfigurations = (
				763058F629C931F7005371FF /* Debug */,
				763058F729C931F7005371FF /* Release */,
			);
			defaultConfigurationIsVisible = 0;
			defaultConfigurationName = Release;
		};
		763058F829C931F7005371FF /* Build configuration list for PBXNativeTarget "FootballAppUITests" */ = {
			isa = XCConfigurationList;
			buildConfigurations = (
				763058F929C931F7005371FF /* Debug */,
				763058FA29C931F7005371FF /* Release */,
			);
			defaultConfigurationIsVisible = 0;
			defaultConfigurationName = Release;
		};
/* End XCConfigurationList section */

/* Begin XCVersionGroup section */
		763058D129C931EF005371FF /* FootballApp.xcdatamodeld */ = {
			isa = XCVersionGroup;
			children = (
				763058D229C931EF005371FF /* FootballApp.xcdatamodel */,
			);
			currentVersion = 763058D229C931EF005371FF /* FootballApp.xcdatamodel */;
			path = FootballApp.xcdatamodeld;
			sourceTree = "<group>";
			versionGroupType = wrapper.xcdatamodel;
		};
/* End XCVersionGroup section */
	};
	rootObject = 763058BD29C931EF005371FF /* Project object */;
}
